
Microsoft Visual Studio Solution File, Format Version 12.00
# Visual Studio Version 17
VisualStudioVersion = 17.12.35707.178 d17.12
MinimumVisualStudioVersion = 10.0.40219.1
Project("{FAE04EC0-301F-11D3-BF4B-00C04F79EFBC}") = "KeyloggerDetector", "KeyloggerDetector\KeyloggerDetector.csproj", "{7254BA38-6627-405D-8F6C-6BB0317C34CB}"
EndProject
Global
	GlobalSection(SolutionConfigurationPlatforms) = preSolution
		Debug|Any CPU = Debug|Any CPU
		Release|Any CPU = Release|Any CPU
	EndGlobalSection
	GlobalSection(ProjectConfigurationPlatforms) = postSolution
		{7254BA38-6627-405D-8F6C-6BB0317C34CB}.Debug|Any CPU.ActiveCfg = Debug|Any CPU
		{7254BA38-6627-405D-8F6C-6BB0317C34CB}.Debug|Any CPU.Build.0 = Debug|Any CPU
		{7254BA38-6627-405D-8F6C-6BB0317C34CB}.Release|Any CPU.ActiveCfg = Release|Any CPU
		{7254BA38-6627-405D-8F6C-6BB0317C34CB}.Release|Any CPU.Build.0 = Release|Any CPU
	EndGlobalSection
	GlobalSection(SolutionProperties) = preSolution
		HideSolutionNode = FALSE
	EndGlobalSection
EndGlobal
